Microsoft Visual Studio Solution File, Format Version 12.00
# Visual Studio Version 17
VisualStudioVersion = 17.5.2.0
MinimumVisualStudioVersion = 10.0.40219.1
Project("{FAE04EC0-301F-11D3-BF4B-00C04F79EFBC}") = "mvcsimple9", "mvcsimple9.csproj", "{77A06A17-62EE-CB47-5B8C-434DE94F9C58}"
EndProject
Global
	GlobalSection(SolutionConfigurationPlatforms) = preSolution
		Debug|Any CPU = Debug|Any CPU
		Release|Any CPU = Release|Any CPU
	EndGlobalSection
	GlobalSection(ProjectConfigurationPlatforms) = postSolution
		{77A06A17-62EE-CB47-5B8C-434DE94F9C58}.Debug|Any CPU.ActiveCfg = Debug|Any CPU
		{77A06A17-62EE-CB47-5B8C-434DE94F9C58}.Debug|Any CPU.Build.0 = Debug|Any CPU
		{77A06A17-62EE-CB47-5B8C-434DE94F9C58}.Release|Any CPU.ActiveCfg = Release|Any CPU
		{77A06A17-62EE-CB47-5B8C-434DE94F9C58}.Release|Any CPU.Build.0 = Release|Any CPU
	EndGlobalSection
	GlobalSection(SolutionProperties) = preSolution
		HideSolutionNode = FALSE
	EndGlobalSection
	GlobalSection(ExtensibilityGlobals) = postSolution
		SolutionGuid = {196D1E6B-D19A-4F29-B131-01B768E0DE76}
	EndGlobalSection
EndGlobal
